
Microsoft Visual Studio Solution File, Format Version 12.00
# Visual Studio Version 16
VisualStudioVersion = 16.0.36422.26
MinimumVisualStudioVersion = 10.0.40219.1
Project("{C9674DCB-5085-4A16-B785-4C70DD1589BD}") = "PROYECTO_ICFES", "PROYECTO_ICFES\PROYECTO_ICFES.dtproj", "{1B1A6BB0-E5C6-4556-B121-E6256D723B31}"
EndProject
Global
	GlobalSection(SolutionConfigurationPlatforms) = preSolution
		Development|Default = Development|Default
	EndGlobalSection
	GlobalSection(ProjectConfigurationPlatforms) = postSolution
		{1B1A6BB0-E5C6-4556-B121-E6256D723B31}.Development|Default.ActiveCfg = Development
		{1B1A6BB0-E5C6-4556-B121-E6256D723B31}.Development|Default.Build.0 = Development
	EndGlobalSection
	GlobalSection(SolutionProperties) = preSolution
		HideSolutionNode = FALSE
	EndGlobalSection
	GlobalSection(ExtensibilityGlobals) = postSolution
		SolutionGuid = {ECD0C826-C551-42F0-84A1-931E81B6AC68}
	EndGlobalSection
EndGlobal
